
Microsoft Visual Studio Solution File, Format Version 12.00
# Visual Studio Version 16
VisualStudioVersion = 16.0.32413.511
MinimumVisualStudioVersion = 10.0.40219.1
Project("{FAE04EC0-301F-11D3-BF4B-00C04F79EFBC}") = "Poodle", "Poodle\Poodle.csproj", "{7FA768A5-8355-42EE-852C-928D7ADBB427}"
EndProject
Global
	GlobalSection(SolutionConfigurationPlatforms) = preSolution
		Debug|Any CPU = Debug|Any CPU
		Release|Any CPU = Release|Any CPU
	EndGlobalSection
	GlobalSection(ProjectConfigurationPlatforms) = postSolution
		{7FA768A5-8355-42EE-852C-928D7ADBB427}.Debug|Any CPU.ActiveCfg = Debug|Any CPU
		{7FA768A5-8355-42EE-852C-928D7ADBB427}.Debug|Any CPU.Build.0 = Debug|Any CPU
		{7FA768A5-8355-42EE-852C-928D7ADBB427}.Release|Any CPU.ActiveCfg = Release|Any CPU
		{7FA768A5-8355-42EE-852C-928D7ADBB427}.Release|Any CPU.Build.0 = Release|Any CPU
	EndGlobalSection
	GlobalSection(SolutionProperties) = preSolution
		HideSolutionNode = FALSE
	EndGlobalSection
	GlobalSection(ExtensibilityGlobals) = postSolution
		SolutionGuid = {1E214547-4F44-4189-9705-A1A8A393A1AC}
	EndGlobalSection
EndGlobal
